
Microsoft Visual Studio Solution File, Format Version 12.00
# Visual Studio Version 17
VisualStudioVersion = 17.7.34202.233
MinimumVisualStudioVersion = 10.0.40219.1
Project("{FAE04EC0-301F-11D3-BF4B-00C04F79EFBC}") = "WebAPI", "WebAPI\WebAPI.csproj", "{6F7CF266-094E-47FB-8349-4D1B1C0BE232}"
EndProject
Global
	GlobalSection(SolutionConfigurationPlatforms) = preSolution
		Debug|Any CPU = Debug|Any CPU
		Release|Any CPU = Release|Any CPU
	EndGlobalSection
	GlobalSection(ProjectConfigurationPlatforms) = postSolution
		{6F7CF266-094E-47FB-8349-4D1B1C0BE232}.Debug|Any CPU.ActiveCfg = Debug|Any CPU
		{6F7CF266-094E-47FB-8349-4D1B1C0BE232}.Debug|Any CPU.Build.0 = Debug|Any CPU
		{6F7CF266-094E-47FB-8349-4D1B1C0BE232}.Release|Any CPU.ActiveCfg = Release|Any CPU
		{6F7CF266-094E-47FB-8349-4D1B1C0BE232}.Release|Any CPU.Build.0 = Release|Any CPU
	EndGlobalSection
	GlobalSection(SolutionProperties) = preSolution
		HideSolutionNode = FALSE
	EndGlobalSection
	GlobalSection(ExtensibilityGlobals) = postSolution
		SolutionGuid = {439777BA-40A7-4154-97E9-10C66722C779}
	EndGlobalSection
EndGlobal
